
Microsoft Visual Studio Solution File, Format Version 12.00
# Visual Studio Version 16
VisualStudioVersion = 16.0.34114.132
MinimumVisualStudioVersion = 10.0.40219.1
Project("{FAE04EC0-301F-11D3-BF4B-00C04F79EFBC}") = "datamanipulation", "datamanipulation.csproj", "{560CAE55-580F-4654-99B9-D0A0F7359D4E}"
EndProject
Global
	GlobalSection(SolutionConfigurationPlatforms) = preSolution
		Debug|Any CPU = Debug|Any CPU
		Release|Any CPU = Release|Any CPU
	EndGlobalSection
	GlobalSection(ProjectConfigurationPlatforms) = postSolution
		{560CAE55-580F-4654-99B9-D0A0F7359D4E}.Debug|Any CPU.ActiveCfg = Debug|Any CPU
		{560CAE55-580F-4654-99B9-D0A0F7359D4E}.Debug|Any CPU.Build.0 = Debug|Any CPU
		{560CAE55-580F-4654-99B9-D0A0F7359D4E}.Release|Any CPU.ActiveCfg = Release|Any CPU
		{560CAE55-580F-4654-99B9-D0A0F7359D4E}.Release|Any CPU.Build.0 = Release|Any CPU
	EndGlobalSection
	GlobalSection(SolutionProperties) = preSolution
		HideSolutionNode = FALSE
	EndGlobalSection
	GlobalSection(ExtensibilityGlobals) = postSolution
		SolutionGuid = {AE08F800-570C-4924-BD31-F70B91A2911A}
	EndGlobalSection
EndGlobal
